PODS:
  - Alamofire (4.7.2)
  - algorithmia (0.1.3)
  - PKHUD (5.0.0)

DEPENDENCIES:
  - Alamofire
  - algorithmia
  - PKHUD (~> 5.0)

SPEC REPOS:
  https://github.com/CocoaPods/Specs.git:
    - Alamofire
    - algorithmia
    - PKHUD

SPEC CHECKSUMS:
  Alamofire: e4fa87002c137ba2d8d634d2c51fabcda0d5c223
  algorithmia: 6416ed22db9b00a354bf92b6fdf59f1ca449a176
  PKHUD: 3c001512c6e002091184197a8de7a20420786e3b


PODFILE CHECKSUM: 44aef3db4e2bb2746fa3688fdf3115ba5e6f91e4


COCOAPODS: 1.5.0
