// !$*UTF8*$!
{
	archiveVersion = 1;
	classes = {
	};
	objectVersion = 50;
	objects = {

/* Begin PBXBuildFile section */

		572404902094178400804247 /* UserViewController.swift in Sources */ = {isa = PBXBuildFile; fileRef = 5724048F2094178400804247 /* UserViewController.swift */; };
		5724049220941C1A00804247 /* CameraViewController.swift in Sources */ = {isa = PBXBuildFile; fileRef = 5724049120941C1A00804247 /* CameraViewController.swift */; };
		5724049620944CB400804247 /* CameraPreviewView.swift in Sources */ = {isa = PBXBuildFile; fileRef = 5724049520944CB400804247 /* CameraPreviewView.swift */; };
		57661D6E20946B2900A83431 /* PhotoCaptureProcessor.swift in Sources */ = {isa = PBXBuildFile; fileRef = 57661D6D20946B2900A83431 /* PhotoCaptureProcessor.swift */; };
		57661D7220950B4E00A83431 /* Trainer.swift in Sources */ = {isa = PBXBuildFile; fileRef = 57661D7120950B4E00A83431 /* Trainer.swift */; };
		57661D74209519F300A83431 /* MeetOthersViewController.swift in Sources */ = {isa = PBXBuildFile; fileRef = 57661D73209519F300A83431 /* MeetOthersViewController.swift */; };
		578049B420940BCA00F694CF /* config.swift in Sources */ = {isa = PBXBuildFile; fileRef = 578049B320940BCA00F694CF /* config.swift */; };

		57FAC4BD209409EB0067B62F /* AppDelegate.swift in Sources */ = {isa = PBXBuildFile; fileRef = 57FAC4BC209409EB0067B62F /* AppDelegate.swift */; };
		57FAC4BF209409EB0067B62F /* art.scnassets in Resources */ = {isa = PBXBuildFile; fileRef = 57FAC4BE209409EB0067B62F /* art.scnassets */; };
		57FAC4C1209409EB0067B62F /* ViewController.swift in Sources */ = {isa = PBXBuildFile; fileRef = 57FAC4C0209409EB0067B62F /* ViewController.swift */; };
		57FAC4C4209409EB0067B62F /* Main.storyboard in Resources */ = {isa = PBXBuildFile; fileRef = 57FAC4C2209409EB0067B62F /* Main.storyboard */; };
		57FAC4C6209409EC0067B62F /* Assets.xcassets in Resources */ = {isa = PBXBuildFile; fileRef = 57FAC4C5209409EC0067B62F /* Assets.xcassets */; };
		886368F416691497FA9F40D2 /* Pods_DatFace.framework in Frameworks */ = {isa = PBXBuildFile; fileRef = 60BE376C8547F90CAE0A1824 /* Pods_DatFace.framework */; };
/* End PBXBuildFile section */

/* Begin PBXFileReference section */
		2E080D91BD5E8870B0A50CDB /* Pods-DatFace.release.xcconfig */ = {isa = PBXFileReference; includeInIndex = 1; lastKnownFileType = text.xcconfig; name = "Pods-DatFace.release.xcconfig"; path = "Pods/Target Support Files/Pods-DatFace/Pods-DatFace.release.xcconfig"; sourceTree = "<group>"; };

		5724048F2094178400804247 /* UserViewController.swift */ = {isa = PBXFileReference; lastKnownFileType = sourcecode.swift; path = UserViewController.swift; sourceTree = "<group>"; };
		5724049120941C1A00804247 /* CameraViewController.swift */ = {isa = PBXFileReference; lastKnownFileType = sourcecode.swift; path = CameraViewController.swift; sourceTree = "<group>"; };
		5724049520944CB400804247 /* CameraPreviewView.swift */ = {isa = PBXFileReference; lastKnownFileType = sourcecode.swift; path = CameraPreviewView.swift; sourceTree = "<group>"; };
		57661D6D20946B2900A83431 /* PhotoCaptureProcessor.swift */ = {isa = PBXFileReference; lastKnownFileType = sourcecode.swift; path = PhotoCaptureProcessor.swift; sourceTree = "<group>"; };
		57661D7120950B4E00A83431 /* Trainer.swift */ = {isa = PBXFileReference; lastKnownFileType = sourcecode.swift; path = Trainer.swift; sourceTree = "<group>"; };
		57661D73209519F300A83431 /* MeetOthersViewController.swift */ = {isa = PBXFileReference; lastKnownFileType = sourcecode.swift; path = MeetOthersViewController.swift; sourceTree = "<group>"; };
		578049B320940BCA00F694CF /* config.swift */ = {isa = PBXFileReference; lastKnownFileType = sourcecode.swift; path = config.swift; sourceTree = "<group>"; };
		57FAC4B9209409EB0067B62F /* DatFace.app */ = {isa = PBXFileReference; explicitFileType = wrapper.application; includeInIndex = 0; path = DatFace.app; sourceTree = BUILT_PRODUCTS_DIR; };
		57FAC4BC209409EB0067B62F /* AppDelegate.swift */ = {isa = PBXFileReference; lastKnownFileType = sourcecode.swift; path = AppDelegate.swift; sourceTree = "<group>"; };
		57FAC4BE209409EB0067B62F /* art.scnassets */ = {isa = PBXFileReference; lastKnownFileType = wrapper.scnassets; path = art.scnassets; sourceTree = "<group>"; };
		57FAC4C0209409EB0067B62F /* ViewController.swift */ = {isa = PBXFileReference; lastKnownFileType = sourcecode.swift; path = ViewController.swift; sourceTree = "<group>"; };
		57FAC4C3209409EB0067B62F /* Base */ = {isa = PBXFileReference; lastKnownFileType = file.storyboard; name = Base; path = Base.lproj/Main.storyboard; sourceTree = "<group>"; };
		57FAC4C5209409EC0067B62F /* Assets.xcassets */ = {isa = PBXFileReference; lastKnownFileType = folder.assetcatalog; path = Assets.xcassets; sourceTree = "<group>"; };
		57FAC4CA209409EC0067B62F /* Info.plist */ = {isa = PBXFileReference; lastKnownFileType = text.plist.xml; path = Info.plist; sourceTree = "<group>"; };
		60BE376C8547F90CAE0A1824 /* Pods_DatFace.framework */ = {isa = PBXFileReference; explicitFileType = wrapper.framework; includeInIndex = 0; path = Pods_DatFace.framework; sourceTree = BUILT_PRODUCTS_DIR; };
		A2D88CA013FD87E9A7B23A20 /* Pods-DatFace.debug.xcconfig */ = {isa = PBXFileReference; includeInIndex = 1; lastKnownFileType = text.xcconfig; name = "Pods-DatFace.debug.xcconfig"; path = "Pods/Target Support Files/Pods-DatFace/Pods-DatFace.debug.xcconfig"; sourceTree = "<group>"; };
/* End PBXFileReference section */

/* Begin PBXFrameworksBuildPhase section */
		57FAC4B6209409EA0067B62F /* Frameworks */ = {
			isa = PBXFrameworksBuildPhase;
			buildActionMask = 2147483647;
			files = (
				886368F416691497FA9F40D2 /* Pods_DatFace.framework in Frameworks */,
			);
			runOnlyForDeploymentPostprocessing = 0;
		};
/* End PBXFrameworksBuildPhase section */

/* Begin PBXGroup section */
		57FAC4B0209409EA0067B62F = {
			isa = PBXGroup;
			children = (
				57FAC4BB209409EB0067B62F /* DatFace */,
				57FAC4BA209409EB0067B62F /* Products */,
				E885AD507C74255D2EBC6A27 /* Pods */,
				B6CF870F54ADFD80335500D7 /* Frameworks */,
			);
			sourceTree = "<group>";
		};
		57FAC4BA209409EB0067B62F /* Products */ = {
			isa = PBXGroup;
			children = (
				57FAC4B9209409EB0067B62F /* DatFace.app */,
			);
			name = Products;
			sourceTree = "<group>";
		};
		57FAC4BB209409EB0067B62F /* DatFace */ = {
			isa = PBXGroup;
			children = (
				57FAC4BC209409EB0067B62F /* AppDelegate.swift */,
				57FAC4BE209409EB0067B62F /* art.scnassets */,
				57FAC4C0209409EB0067B62F /* ViewController.swift */,
				57FAC4C2209409EB0067B62F /* Main.storyboard */,
				57FAC4C5209409EC0067B62F /* Assets.xcassets */,
				57FAC4CA209409EC0067B62F /* Info.plist */,

				578049B320940BCA00F694CF /* config.swift */,
				5724048F2094178400804247 /* UserViewController.swift */,
				5724049520944CB400804247 /* CameraPreviewView.swift */,
				5724049120941C1A00804247 /* CameraViewController.swift */,
				57661D73209519F300A83431 /* MeetOthersViewController.swift */,
				57661D6D20946B2900A83431 /* PhotoCaptureProcessor.swift */,
				57661D7120950B4E00A83431 /* Trainer.swift */,
			);
			path = DatFace;
			sourceTree = "<group>";
		};
		B6CF870F54ADFD80335500D7 /* Frameworks */ = {
			isa = PBXGroup;
			children = (
				60BE376C8547F90CAE0A1824 /* Pods_DatFace.framework */,
			);
			name = Frameworks;
			sourceTree = "<group>";
		};
		E885AD507C74255D2EBC6A27 /* Pods */ = {
			isa = PBXGroup;
			children = (
				A2D88CA013FD87E9A7B23A20 /* Pods-DatFace.debug.xcconfig */,
				2E080D91BD5E8870B0A50CDB /* Pods-DatFace.release.xcconfig */,
			);
			name = Pods;
			sourceTree = "<group>";
		};
/* End PBXGroup section */

/* Begin PBXNativeTarget section */
		57FAC4B8209409EA0067B62F /* DatFace */ = {
			isa = PBXNativeTarget;
			buildConfigurationList = 57FAC4CD209409EC0067B62F /* Build configuration list for PBXNativeTarget "DatFace" */;
			buildPhases = (
				DBD06FC3AA8F4C7B3D363A1F /* [CP] Check Pods Manifest.lock */,
				57FAC4B5209409EA0067B62F /* Sources */,
				57FAC4B6209409EA0067B62F /* Frameworks */,
				57FAC4B7209409EA0067B62F /* Resources */,
				EE9204A99717BA851405848A /* [CP] Embed Pods Frameworks */,
			);
			buildRules = (
			);
			dependencies = (
			);
			name = DatFace;
			productName = DatFace;
			productReference = 57FAC4B9209409EB0067B62F /* DatFace.app */;
			productType = "com.apple.product-type.application";
		};
/* End PBXNativeTarget section */

/* Begin PBXProject section */
		57FAC4B1209409EA0067B62F /* Project object */ = {
			isa = PBXProject;
			attributes = {
				LastSwiftUpdateCheck = 0930;
				LastUpgradeCheck = 0930;
				ORGANIZATIONNAME = N;
				TargetAttributes = {
					57FAC4B8209409EA0067B62F = {
						CreatedOnToolsVersion = 9.3;
					};
				};
			};
			buildConfigurationList = 57FAC4B4209409EA0067B62F /* Build configuration list for PBXProject "DatFace" */;
			compatibilityVersion = "Xcode 9.3";
			developmentRegion = en;
			hasScannedForEncodings = 0;
			knownRegions = (
				en,
				Base,
			);
			mainGroup = 57FAC4B0209409EA0067B62F;
			productRefGroup = 57FAC4BA209409EB0067B62F /* Products */;
			projectDirPath = "";
			projectRoot = "";
			targets = (
				57FAC4B8209409EA0067B62F /* DatFace */,
			);
		};
/* End PBXProject section */

/* Begin PBXResourcesBuildPhase section */
		57FAC4B7209409EA0067B62F /* Resources */ = {
			isa = PBXResourcesBuildPhase;
			buildActionMask = 2147483647;
			files = (
				57FAC4BF209409EB0067B62F /* art.scnassets in Resources */,
				57FAC4C6209409EC0067B62F /* Assets.xcassets in Resources */,
				57FAC4C4209409EB0067B62F /* Main.storyboard in Resources */,
			);
			runOnlyForDeploymentPostprocessing = 0;
		};
/* End PBXResourcesBuildPhase section */

/* Begin PBXShellScriptBuildPhase section */
		DBD06FC3AA8F4C7B3D363A1F /* [CP] Check Pods Manifest.lock */ = {
			isa = PBXShellScriptBuildPhase;
			buildActionMask = 2147483647;
			files = (
			);
			inputPaths = (
				"${PODS_PODFILE_DIR_PATH}/Podfile.lock",
				"${PODS_ROOT}/Manifest.lock",
			);
			name = "[CP] Check Pods Manifest.lock";
			outputPaths = (
				"$(DERIVED_FILE_DIR)/Pods-DatFace-checkManifestLockResult.txt",
			);
			runOnlyForDeploymentPostprocessing = 0;
			shellPath = /bin/sh;
			shellScript = "diff \"${PODS_PODFILE_DIR_PATH}/Podfile.lock\" \"${PODS_ROOT}/Manifest.lock\" > /dev/null\nif [ $? != 0 ] ; then\n    # print error to STDERR\n    echo \"error: The sandbox is not in sync with the Podfile.lock. Run 'pod install' or update your CocoaPods installation.\" >&2\n    exit 1\nfi\n# This output is used by Xcode 'outputs' to avoid re-running this script phase.\necho \"SUCCESS\" > \"${SCRIPT_OUTPUT_FILE_0}\"\n";
			showEnvVarsInLog = 0;
		};
		EE9204A99717BA851405848A /* [CP] Embed Pods Frameworks */ = {
			isa = PBXShellScriptBuildPhase;
			buildActionMask = 2147483647;
			files = (
			);
			inputPaths = (
				"${SRCROOT}/Pods/Target Support Files/Pods-DatFace/Pods-DatFace-frameworks.sh",
				"${BUILT_PRODUCTS_DIR}/Alamofire/Alamofire.framework",
				"${BUILT_PRODUCTS_DIR}/PKHUD/PKHUD.framework",
				"${BUILT_PRODUCTS_DIR}/algorithmia/algorithmia.framework",
			);
			name = "[CP] Embed Pods Frameworks";
			outputPaths = (
				"${TARGET_BUILD_DIR}/${FRAMEWORKS_FOLDER_PATH}/Alamofire.framework",
				"${TARGET_BUILD_DIR}/${FRAMEWORKS_FOLDER_PATH}/PKHUD.framework",
				"${TARGET_BUILD_DIR}/${FRAMEWORKS_FOLDER_PATH}/algorithmia.framework",
			);
			runOnlyForDeploymentPostprocessing = 0;
			shellPath = /bin/sh;
			shellScript = "\"${SRCROOT}/Pods/Target Support Files/Pods-DatFace/Pods-DatFace-frameworks.sh\"\n";
			showEnvVarsInLog = 0;
		};
/* End PBXShellScriptBuildPhase section */

/* Begin PBXSourcesBuildPhase section */
		57FAC4B5209409EA0067B62F /* Sources */ = {
			isa = PBXSourcesBuildPhase;
			buildActionMask = 2147483647;
			files = (

				578049B420940BCA00F694CF /* config.swift in Sources */,
				57661D74209519F300A83431 /* MeetOthersViewController.swift in Sources */,
				5724049220941C1A00804247 /* CameraViewController.swift in Sources */,
				5724049620944CB400804247 /* CameraPreviewView.swift in Sources */,
				572404902094178400804247 /* UserViewController.swift in Sources */,
				57661D6E20946B2900A83431 /* PhotoCaptureProcessor.swift in Sources */,
				57661D7220950B4E00A83431 /* Trainer.swift in Sources */,
				57FAC4C1209409EB0067B62F /* ViewController.swift in Sources */,
				57FAC4BD209409EB0067B62F /* AppDelegate.swift in Sources */,
			);
			runOnlyForDeploymentPostprocessing = 0;
		};
/* End PBXSourcesBuildPhase section */

/* Begin PBXVariantGroup section */
		57FAC4C2209409EB0067B62F /* Main.storyboard */ = {
			isa = PBXVariantGroup;
			children = (
				57FAC4C3209409EB0067B62F /* Base */,
			);
			name = Main.storyboard;
			sourceTree = "<group>";
		};
/* End PBXVariantGroup section */

/* Begin XCBuildConfiguration section */
		57FAC4CB209409EC0067B62F /* Debug */ = {
			isa = XCBuildConfiguration;
			buildSettings = {
				ALWAYS_SEARCH_USER_PATHS = NO;
				CLANG_ANALYZER_NONNULL = YES;
				CLANG_ANALYZER_NUMBER_OBJECT_CONVERSION = YES_AGGRESSIVE;
				CLANG_CXX_LANGUAGE_STANDARD = "gnu++14";
				CLANG_CXX_LIBRARY = "libc++";
				CLANG_ENABLE_MODULES = YES;
				CLANG_ENABLE_OBJC_ARC = YES;
				CLANG_ENABLE_OBJC_WEAK = YES;
				CLANG_WARN_BLOCK_CAPTURE_AUTORELEASING = YES;
				CLANG_WARN_BOOL_CONVERSION = YES;
				CLANG_WARN_COMMA = YES;
				CLANG_WARN_CONSTANT_CONVERSION = YES;
				CLANG_WARN_DEPRECATED_OBJC_IMPLEMENTATIONS = YES;
				CLANG_WARN_DIRECT_OBJC_ISA_USAGE = YES_ERROR;
				CLANG_WARN_DOCUMENTATION_COMMENTS = YES;
				CLANG_WARN_EMPTY_BODY = YES;
				CLANG_WARN_ENUM_CONVERSION = YES;
				CLANG_WARN_INFINITE_RECURSION = YES;
				CLANG_WARN_INT_CONVERSION = YES;
				CLANG_WARN_NON_LITERAL_NULL_CONVERSION = YES;
				CLANG_WARN_OBJC_IMPLICIT_RETAIN_SELF = YES;
				CLANG_WARN_OBJC_LITERAL_CONVERSION = YES;
				CLANG_WARN_OBJC_ROOT_CLASS = YES_ERROR;
				CLANG_WARN_RANGE_LOOP_ANALYSIS = YES;
				CLANG_WARN_STRICT_PROTOTYPES = YES;
				CLANG_WARN_SUSPICIOUS_MOVE = YES;
				CLANG_WARN_UNGUARDED_AVAILABILITY = YES_AGGRESSIVE;
				CLANG_WARN_UNREACHABLE_CODE = YES;
				CLANG_WARN__DUPLICATE_METHOD_MATCH = YES;
				CODE_SIGN_IDENTITY = "iPhone Developer";
				COPY_PHASE_STRIP = NO;
				DEBUG_INFORMATION_FORMAT = dwarf;
				ENABLE_STRICT_OBJC_MSGSEND = YES;
				ENABLE_TESTABILITY = YES;
				GCC_C_LANGUAGE_STANDARD = gnu11;
				GCC_DYNAMIC_NO_PIC = NO;
				GCC_NO_COMMON_BLOCKS = YES;
				GCC_OPTIMIZATION_LEVEL = 0;
				GCC_PREPROCESSOR_DEFINITIONS = (
					"DEBUG=1",
					"$(inherited)",
				);
				GCC_WARN_64_TO_32_BIT_CONVERSION = YES;
				GCC_WARN_ABOUT_RETURN_TYPE = YES_ERROR;
				GCC_WARN_UNDECLARED_SELECTOR = YES;
				GCC_WARN_UNINITIALIZED_AUTOS = YES_AGGRESSIVE;
				GCC_WARN_UNUSED_FUNCTION = YES;
				GCC_WARN_UNUSED_VARIABLE = YES;
				IPHONEOS_DEPLOYMENT_TARGET = 11.3;
				MTL_ENABLE_DEBUG_INFO = YES;
				ONLY_ACTIVE_ARCH = YES;
				SDKROOT = iphoneos;
				SWIFT_ACTIVE_COMPILATION_CONDITIONS = DEBUG;
				SWIFT_OPTIMIZATION_LEVEL = "-Onone";
			};
			name = Debug;
		};
		57FAC4CC209409EC0067B62F /* Release */ = {
			isa = XCBuildConfiguration;
			buildSettings = {
				ALWAYS_SEARCH_USER_PATHS = NO;
				CLANG_ANALYZER_NONNULL = YES;
				CLANG_ANALYZER_NUMBER_OBJECT_CONVERSION = YES_AGGRESSIVE;
				CLANG_CXX_LANGUAGE_STANDARD = "gnu++14";
				CLANG_CXX_LIBRARY = "libc++";
				CLANG_ENABLE_MODULES = YES;
				CLANG_ENABLE_OBJC_ARC = YES;
				CLANG_ENABLE_OBJC_WEAK = YES;
				CLANG_WARN_BLOCK_CAPTURE_AUTORELEASING = YES;
				CLANG_WARN_BOOL_CONVERSION = YES;
				CLANG_WARN_COMMA = YES;
				CLANG_WARN_CONSTANT_CONVERSION = YES;
				CLANG_WARN_DEPRECATED_OBJC_IMPLEMENTATIONS = YES;
				CLANG_WARN_DIRECT_OBJC_ISA_USAGE = YES_ERROR;
				CLANG_WARN_DOCUMENTATION_COMMENTS = YES;
				CLANG_WARN_EMPTY_BODY = YES;
				CLANG_WARN_ENUM_CONVERSION = YES;
				CLANG_WARN_INFINITE_RECURSION = YES;
				CLANG_WARN_INT_CONVERSION = YES;
				CLANG_WARN_NON_LITERAL_NULL_CONVERSION = YES;
				CLANG_WARN_OBJC_IMPLICIT_RETAIN_SELF = YES;
				CLANG_WARN_OBJC_LITERAL_CONVERSION = YES;
				CLANG_WARN_OBJC_ROOT_CLASS = YES_ERROR;
				CLANG_WARN_RANGE_LOOP_ANALYSIS = YES;
				CLANG_WARN_STRICT_PROTOTYPES = YES;
				CLANG_WARN_SUSPICIOUS_MOVE = YES;
				CLANG_WARN_UNGUARDED_AVAILABILITY = YES_AGGRESSIVE;
				CLANG_WARN_UNREACHABLE_CODE = YES;
				CLANG_WARN__DUPLICATE_METHOD_MATCH = YES;
				CODE_SIGN_IDENTITY = "iPhone Developer";
				COPY_PHASE_STRIP = NO;
				DEBUG_INFORMATION_FORMAT = "dwarf-with-dsym";
				ENABLE_NS_ASSERTIONS = NO;
				ENABLE_STRICT_OBJC_MSGSEND = YES;
				GCC_C_LANGUAGE_STANDARD = gnu11;
				GCC_NO_COMMON_BLOCKS = YES;
				GCC_WARN_64_TO_32_BIT_CONVERSION = YES;
				GCC_WARN_ABOUT_RETURN_TYPE = YES_ERROR;
				GCC_WARN_UNDECLARED_SELECTOR = YES;
				GCC_WARN_UNINITIALIZED_AUTOS = YES_AGGRESSIVE;
				GCC_WARN_UNUSED_FUNCTION = YES;
				GCC_WARN_UNUSED_VARIABLE = YES;
				IPHONEOS_DEPLOYMENT_TARGET = 11.3;
				MTL_ENABLE_DEBUG_INFO = NO;
				SDKROOT = iphoneos;
				SWIFT_COMPILATION_MODE = wholemodule;
				SWIFT_OPTIMIZATION_LEVEL = "-O";
				VALIDATE_PRODUCT = YES;
			};
			name = Release;
		};
		57FAC4CE209409EC0067B62F /* Debug */ = {
			isa = XCBuildConfiguration;
			baseConfigurationReference = A2D88CA013FD87E9A7B23A20 /* Pods-DatFace.debug.xcconfig */;
			buildSettings = {
				ASSETCATALOG_COMPILER_APPICON_NAME = AppIcon;
				CODE_SIGN_STYLE = Automatic;
				DEVELOPMENT_TEAM = 92NZHY756F;
				INFOPLIST_FILE = DatFace/Info.plist;
				LD_RUNPATH_SEARCH_PATHS = (
					"$(inherited)",
					"@executable_path/Frameworks",
				);
				PRODUCT_BUNDLE_IDENTIFIER = N.DatFace;
				PRODUCT_NAME = "$(TARGET_NAME)";
				SWIFT_VERSION = 4.0;
				TARGETED_DEVICE_FAMILY = "1,2";
			};
			name = Debug;
		};
		57FAC4CF209409EC0067B62F /* Release */ = {
			isa = XCBuildConfiguration;
			baseConfigurationReference = 2E080D91BD5E8870B0A50CDB /* Pods-DatFace.release.xcconfig */;
			buildSettings = {
				ASSETCATALOG_COMPILER_APPICON_NAME = AppIcon;
				CODE_SIGN_STYLE = Automatic;
				DEVELOPMENT_TEAM = 92NZHY756F;
				INFOPLIST_FILE = DatFace/Info.plist;
				LD_RUNPATH_SEARCH_PATHS = (
					"$(inherited)",
					"@executable_path/Frameworks",
				);
				PRODUCT_BUNDLE_IDENTIFIER = N.DatFace;
				PRODUCT_NAME = "$(TARGET_NAME)";
				SWIFT_VERSION = 4.0;
				TARGETED_DEVICE_FAMILY = "1,2";
			};
			name = Release;
		};
/* End XCBuildConfiguration section */

/* Begin XCConfigurationList section */
		57FAC4B4209409EA0067B62F /* Build configuration list for PBXProject "DatFace" */ = {
			isa = XCConfigurationList;
			buildConfigurations = (
				57FAC4CB209409EC0067B62F /* Debug */,
				57FAC4CC209409EC0067B62F /* Release */,
			);
			defaultConfigurationIsVisible = 0;
			defaultConfigurationName = Release;
		};
		57FAC4CD209409EC0067B62F /* Build configuration list for PBXNativeTarget "DatFace" */ = {
			isa = XCConfigurationList;
			buildConfigurations = (
				57FAC4CE209409EC0067B62F /* Debug */,
				57FAC4CF209409EC0067B62F /* Release */,
			);
			defaultConfigurationIsVisible = 0;
			defaultConfigurationName = Release;
		};
/* End XCConfigurationList section */
	};
	rootObject = 57FAC4B1209409EA0067B62F /* Project object */;
}
